
Microsoft Visual Studio Solution File, Format Version 12.00
# Visual Studio Version 16
VisualStudioVersion = 16.0.31313.79
MinimumVisualStudioVersion = 10.0.40219.1
Project("{8BC9CEB8-8B4A-11D0-8D11-00A0C91BC942}") = "BlackHandMax", "BlackHandMax.vcxproj", "{817A9B76-1040-485B-B4A4-79B3B24ECE07}"
EndProject
Project("{8BC9CEB8-8B4A-11D0-8D11-00A0C91BC942}") = "Injector", "..\Injector\Injector.vcxproj", "{CEFFECBB-3D0D-4D7D-A9E9-BD29AC8E5519}"
EndProject
Global
	GlobalSection(SolutionConfigurationPlatforms) = preSolution
		Debug|x64 = Debug|x64
		Debug|x86 = Debug|x86
		Release|x64 = Release|x64
		Release|x86 = Release|x86
	EndGlobalSection
	GlobalSection(ProjectConfigurationPlatforms) = postSolution
		{817A9B76-1040-485B-B4A4-79B3B24ECE07}.Debug|x64.ActiveCfg = Debug|x64
		{817A9B76-1040-485B-B4A4-79B3B24ECE07}.Debug|x64.Build.0 = Debug|x64
		{817A9B76-1040-485B-B4A4-79B3B24ECE07}.Debug|x86.ActiveCfg = Debug|Win32
		{817A9B76-1040-485B-B4A4-79B3B24ECE07}.Debug|x86.Build.0 = Debug|Win32
		{817A9B76-1040-485B-B4A4-79B3B24ECE07}.Release|x64.ActiveCfg = Release|x64
		{817A9B76-1040-485B-B4A4-79B3B24ECE07}.Release|x64.Build.0 = Release|x64
		{817A9B76-1040-485B-B4A4-79B3B24ECE07}.Release|x86.ActiveCfg = Release|Win32
		{817A9B76-1040-485B-B4A4-79B3B24ECE07}.Release|x86.Build.0 = Release|Win32
		{CEFFECBB-3D0D-4D7D-A9E9-BD29AC8E5519}.Debug|x64.ActiveCfg = Debug|x64
		{CEFFECBB-3D0D-4D7D-A9E9-BD29AC8E5519}.Debug|x64.Build.0 = Debug|x64
		{CEFFECBB-3D0D-4D7D-A9E9-BD29AC8E5519}.Debug|x86.ActiveCfg = Debug|Win32
		{CEFFECBB-3D0D-4D7D-A9E9-BD29AC8E5519}.Debug|x86.Build.0 = Debug|Win32
		{CEFFECBB-3D0D-4D7D-A9E9-BD29AC8E5519}.Release|x64.ActiveCfg = Release|x64
		{CEFFECBB-3D0D-4D7D-A9E9-BD29AC8E5519}.Release|x64.Build.0 = Release|x64
		{CEFFECBB-3D0D-4D7D-A9E9-BD29AC8E5519}.Release|x86.ActiveCfg = Release|Win32
		{CEFFECBB-3D0D-4D7D-A9E9-BD29AC8E5519}.Release|x86.Build.0 = Release|Win32
	EndGlobalSection
	GlobalSection(SolutionProperties) = preSolution
		HideSolutionNode = FALSE
	EndGlobalSection
	GlobalSection(ExtensibilityGlobals) = postSolution
		SolutionGuid = {A40568F1-AE51-49B0-935D-9DBD4F26A078}
	EndGlobalSection
EndGlobal
